{
  "name": "common-tools-guide",
  "version": "0.0.1",
  "lockfileVersion": 3,
  "requires": true,
  "packages": {
    "": {
      "name": "common-tools-guide",
      "version": "0.0.1",
      "devDependencies": {
        "mystmd": "^1.0.0"
      }
    },
    "node_modules/mystmd": {
      "version": "1.6.1",
      "resolved": "https://registry.npmjs.org/mystmd/-/mystmd-1.6.1.tgz",
      "integrity": "sha512-jrqXTYtKAfy3wtnXwoPSEFO9POHTe2QYI16lZAhNw1FvfWkdTmpDys8vNfXDsTWFRmRdKeDg30MdebDcnhSKxQ==",
      "dev": true,
      "license": "MIT",
      "bin": {
        "myst": "dist/myst.cjs"
      }
    }
  }
}
