[data]
path = "../../data/wit"
sha256 = "4ebf9b97080ec72fc805dd861879c18727cffd64110cabe4176f73c4013b8c13"
sha512 = "9ab5472c3141fae10193c7407207f9b010757bba3219e73cc34179067cf9be4a2d68f3ddfc87491a847051b87ef9dae8c69e2fdfc8553a9ab4e6cd0d22cdaa41"

[io]
path = "../../io/wit"
sha256 = "3d6c8ae11439a90d1260d64030dc9ac003a72f2f7277df787b95c5a8f54d7474"
sha512 = "87c77c5a22fdc2c9850ff9e6672f94a86c7c32a6f665d714caca5613f6bc2a1cca76d7ebb26ddf3bae80c32d5d692baab803aff61207aaaa87ffdbd8e6cdc109"
