[data]
path = "../../data/wit"
sha256 = "e092c9d7a74aaab5a9a99dcf43ae00f3bcf70d78cb5841124dae526698888815"
sha512 = "e55af0160d09492d61567710cf0fa0c0ae032931cc9f0cc4b44a7e1f4706ca879034790d6c9f393be31711530a4751222767708c16701cf076d2053eec27d212"

[io]
path = "../../io/wit"
sha256 = "3d6c8ae11439a90d1260d64030dc9ac003a72f2f7277df787b95c5a8f54d7474"
sha512 = "87c77c5a22fdc2c9850ff9e6672f94a86c7c32a6f665d714caca5613f6bc2a1cca76d7ebb26ddf3bae80c32d5d692baab803aff61207aaaa87ffdbd8e6cdc109"
